
Microsoft Visual Studio Solution File, Format Version 12.00
# Visual Studio Version 17
VisualStudioVersion = 17.5.002.0
MinimumVisualStudioVersion = 10.0.40219.1
Project("{9A19103F-16F7-4668-BE54-9A1E7A4F7556}") = "ContosoPizza", "ContosoPizza.csproj", "{A81BBB64-6D88-4F89-88EC-BD373D72DF15}"
EndProject
Global
	GlobalSection(SolutionConfigurationPlatforms) = preSolution
		Debug|Any CPU = Debug|Any CPU
		Release|Any CPU = Release|Any CPU
	EndGlobalSection
	GlobalSection(ProjectConfigurationPlatforms) = postSolution
		{A81BBB64-6D88-4F89-88EC-BD373D72DF15}.Debug|Any CPU.ActiveCfg = Debug|Any CPU
		{A81BBB64-6D88-4F89-88EC-BD373D72DF15}.Debug|Any CPU.Build.0 = Debug|Any CPU
		{A81BBB64-6D88-4F89-88EC-BD373D72DF15}.Release|Any CPU.ActiveCfg = Release|Any CPU
		{A81BBB64-6D88-4F89-88EC-BD373D72DF15}.Release|Any CPU.Build.0 = Release|Any CPU
	EndGlobalSection
	GlobalSection(SolutionProperties) = preSolution
		HideSolutionNode = FALSE
	EndGlobalSection
	GlobalSection(ExtensibilityGlobals) = postSolution
		SolutionGuid = {49AF909F-10A4-4FCF-9389-02E4C6391EF0}
	EndGlobalSection
EndGlobal
